// !$*UTF8*$!
{
	archiveVersion = 1;
	classes = {
	};
	objectVersion = 56;
	objects = {

/* Begin PBXBuildFile section */
		52EBE0FE290A90DB00D6D2F8 /* main.c in Sources */ = {isa = PBXBuildFile; fileRef = 52EBE0CB290A8D5500D6D2F8 /* main.c */; };
		52EBE100290A90F100D6D2F8 /* 1.c in Sources */ = {isa = PBXBuildFile; fileRef = 52EBE0FF290A90F100D6D2F8 /* 1.c */; };
		52EBE102290A910400D6D2F8 /* 2.c in Sources */ = {isa = PBXBuildFile; fileRef = 52EBE101290A910400D6D2F8 /* 2.c */; };
		52EBE105290A911700D6D2F8 /* 3.c in Sources */ = {isa = PBXBuildFile; fileRef = 52EBE104290A911700D6D2F8 /* 3.c */; };
		52EBE107290A912700D6D2F8 /* 4.c in Sources */ = {isa = PBXBuildFile; fileRef = 52EBE106290A912700D6D2F8 /* 4.c */; };
/* End PBXBuildFile section */

/* Begin PBXCopyFilesBuildPhase section */
		52EBE0C6290A8D5500D6D2F8 /* CopyFiles */ = {
			isa = PBXCopyFilesBuildPhase;
			buildActionMask = 2147483647;
			dstPath = /usr/share/man/man1/;
			dstSubfolderSpec = 0;
			files = (
			);
			runOnlyForDeploymentPostprocessing = 1;
		};
		52EBE0D4290A902900D6D2F8 /* CopyFiles */ = {
			isa = PBXCopyFilesBuildPhase;
			buildActionMask = 2147483647;
			dstPath = /usr/share/man/man1/;
			dstSubfolderSpec = 0;
			files = (
			);
			runOnlyForDeploymentPostprocessing = 1;
		};
		52EBE0DF290A90C000D6D2F8 /* CopyFiles */ = {
			isa = PBXCopyFilesBuildPhase;
			buildActionMask = 2147483647;
			dstPath = /usr/share/man/man1/;
			dstSubfolderSpec = 0;
			files = (
			);
			runOnlyForDeploymentPostprocessing = 1;
		};
		52EBE0EA290A90C500D6D2F8 /* CopyFiles */ = {
			isa = PBXCopyFilesBuildPhase;
			buildActionMask = 2147483647;
			dstPath = /usr/share/man/man1/;
			dstSubfolderSpec = 0;
			files = (
			);
			runOnlyForDeploymentPostprocessing = 1;
		};
		52EBE0F5290A90D500D6D2F8 /* CopyFiles */ = {
			isa = PBXCopyFilesBuildPhase;
			buildActionMask = 2147483647;
			dstPath = /usr/share/man/man1/;
			dstSubfolderSpec = 0;
			files = (
			);
			runOnlyForDeploymentPostprocessing = 1;
		};
/* End PBXCopyFilesBuildPhase section */

/* Begin PBXFileReference section */
		52EBE0C8290A8D5500D6D2F8 /* 4 */ = {isa = PBXFileReference; explicitFileType = "compiled.mach-o.executable"; includeInIndex = 0; path = 4; sourceTree = BUILT_PRODUCTS_DIR; };
		52EBE0CB290A8D5500D6D2F8 /* main.c */ = {isa = PBXFileReference; lastKnownFileType = sourcecode.c.c; path = main.c; sourceTree = "<group>"; };
		52EBE0D6290A902900D6D2F8 /* 1 */ = {isa = PBXFileReference; explicitFileType = "compiled.mach-o.executable"; includeInIndex = 0; path = 1; sourceTree = BUILT_PRODUCTS_DIR; };
		52EBE0E1290A90C000D6D2F8 /* 2 */ = {isa = PBXFileReference; explicitFileType = "compiled.mach-o.executable"; includeInIndex = 0; path = 2; sourceTree = BUILT_PRODUCTS_DIR; };
		52EBE0EC290A90C600D6D2F8 /* 3 */ = {isa = PBXFileReference; explicitFileType = "compiled.mach-o.executable"; includeInIndex = 0; path = 3; sourceTree = BUILT_PRODUCTS_DIR; };
		52EBE0F7290A90D500D6D2F8 /* 0 */ = {isa = PBXFileReference; explicitFileType = "compiled.mach-o.executable"; includeInIndex = 0; path = 0; sourceTree = BUILT_PRODUCTS_DIR; };
		52EBE0FF290A90F100D6D2F8 /* 1.c */ = {isa = PBXFileReference; lastKnownFileType = sourcecode.c.c; path = 1.c; sourceTree = "<group>"; };
		52EBE101290A910400D6D2F8 /* 2.c */ = {isa = PBXFileReference; lastKnownFileType = sourcecode.c.c; path = 2.c; sourceTree = "<group>"; };
		52EBE104290A911700D6D2F8 /* 3.c */ = {isa = PBXFileReference; lastKnownFileType = sourcecode.c.c; path = 3.c; sourceTree = "<group>"; };
		52EBE106290A912700D6D2F8 /* 4.c */ = {isa = PBXFileReference; lastKnownFileType = sourcecode.c.c; path = 4.c; sourceTree = "<group>"; };
/* End PBXFileReference section */

/* Begin PBXFrameworksBuildPhase section */
		52EBE0C5290A8D5500D6D2F8 /* Frameworks */ = {
			isa = PBXFrameworksBuildPhase;
			buildActionMask = 2147483647;
			files = (
			);
			runOnlyForDeploymentPostprocessing = 0;
		};
		52EBE0D3290A902900D6D2F8 /* Frameworks */ = {
			isa = PBXFrameworksBuildPhase;
			buildActionMask = 2147483647;
			files = (
			);
			runOnlyForDeploymentPostprocessing = 0;
		};
		52EBE0DE290A90C000D6D2F8 /* Frameworks */ = {
			isa = PBXFrameworksBuildPhase;
			buildActionMask = 2147483647;
			files = (
			);
			runOnlyForDeploymentPostprocessing = 0;
		};
		52EBE0E9290A90C500D6D2F8 /* Frameworks */ = {
			isa = PBXFrameworksBuildPhase;
			buildActionMask = 2147483647;
			files = (
			);
			runOnlyForDeploymentPostprocessing = 0;
		};
		52EBE0F4290A90D500D6D2F8 /* Frameworks */ = {
			isa = PBXFrameworksBuildPhase;
			buildActionMask = 2147483647;
			files = (
			);
			runOnlyForDeploymentPostprocessing = 0;
		};
/* End PBXFrameworksBuildPhase section */

/* Begin PBXGroup section */
		52EBE0BF290A8D5500D6D2F8 = {
			isa = PBXGroup;
			children = (
				52EBE104290A911700D6D2F8 /* 3.c */,
				52EBE106290A912700D6D2F8 /* 4.c */,
				52EBE0FF290A90F100D6D2F8 /* 1.c */,
				52EBE101290A910400D6D2F8 /* 2.c */,
				52EBE0CA290A8D5500D6D2F8 /* 4hw-4 */,
				52EBE0C9290A8D5500D6D2F8 /* Products */,
			);
			sourceTree = "<group>";
		};
		52EBE0C9290A8D5500D6D2F8 /* Products */ = {
			isa = PBXGroup;
			children = (
				52EBE0C8290A8D5500D6D2F8 /* 4 */,
				52EBE0D6290A902900D6D2F8 /* 1 */,
				52EBE0E1290A90C000D6D2F8 /* 2 */,
				52EBE0EC290A90C600D6D2F8 /* 3 */,
				52EBE0F7290A90D500D6D2F8 /* 0 */,
			);
			name = Products;
			sourceTree = "<group>";
		};
		52EBE0CA290A8D5500D6D2F8 /* 4hw-4 */ = {
			isa = PBXGroup;
			children = (
				52EBE0CB290A8D5500D6D2F8 /* main.c */,
			);
			path = "4hw-4";
			sourceTree = "<group>";
		};
/* End PBXGroup section */

/* Begin PBXNativeTarget section */
		52EBE0C7290A8D5500D6D2F8 /* 4 */ = {
			isa = PBXNativeTarget;
			buildConfigurationList = 52EBE0CF290A8D5500D6D2F8 /* Build configuration list for PBXNativeTarget "4" */;
			buildPhases = (
				52EBE0C4290A8D5500D6D2F8 /* Sources */,
				52EBE0C5290A8D5500D6D2F8 /* Frameworks */,
				52EBE0C6290A8D5500D6D2F8 /* CopyFiles */,
			);
			buildRules = (
			);
			dependencies = (
			);
			name = 4;
			productName = "4hw-4";
			productReference = 52EBE0C8290A8D5500D6D2F8 /* 4 */;
			productType = "com.apple.product-type.tool";
		};
		52EBE0D5290A902900D6D2F8 /* 1 */ = {
			isa = PBXNativeTarget;
			buildConfigurationList = 52EBE0DA290A902900D6D2F8 /* Build configuration list for PBXNativeTarget "1" */;
			buildPhases = (
				52EBE0D2290A902900D6D2F8 /* Sources */,
				52EBE0D3290A902900D6D2F8 /* Frameworks */,
				52EBE0D4290A902900D6D2F8 /* CopyFiles */,
			);
			buildRules = (
			);
			dependencies = (
			);
			name = 1;
			productName = 1;
			productReference = 52EBE0D6290A902900D6D2F8 /* 1 */;
			productType = "com.apple.product-type.tool";
		};
		52EBE0E0290A90C000D6D2F8 /* 2 */ = {
			isa = PBXNativeTarget;
			buildConfigurationList = 52EBE0E5290A90C000D6D2F8 /* Build configuration list for PBXNativeTarget "2" */;
			buildPhases = (
				52EBE0DD290A90C000D6D2F8 /* Sources */,
				52EBE0DE290A90C000D6D2F8 /* Frameworks */,
				52EBE0DF290A90C000D6D2F8 /* CopyFiles */,
			);
			buildRules = (
			);
			dependencies = (
			);
			name = 2;
			productName = 2;
			productReference = 52EBE0E1290A90C000D6D2F8 /* 2 */;
			productType = "com.apple.product-type.tool";
		};
		52EBE0EB290A90C500D6D2F8 /* 3 */ = {
			isa = PBXNativeTarget;
			buildConfigurationList = 52EBE0F0290A90C600D6D2F8 /* Build configuration list for PBXNativeTarget "3" */;
			buildPhases = (
				52EBE0E8290A90C500D6D2F8 /* Sources */,
				52EBE0E9290A90C500D6D2F8 /* Frameworks */,
				52EBE0EA290A90C500D6D2F8 /* CopyFiles */,
			);
			buildRules = (
			);
			dependencies = (
			);
			name = 3;
			productName = 3;
			productReference = 52EBE0EC290A90C600D6D2F8 /* 3 */;
			productType = "com.apple.product-type.tool";
		};
		52EBE0F6290A90D500D6D2F8 /* 0 */ = {
			isa = PBXNativeTarget;
			buildConfigurationList = 52EBE0FB290A90D500D6D2F8 /* Build configuration list for PBXNativeTarget "0" */;
			buildPhases = (
				52EBE0F3290A90D500D6D2F8 /* Sources */,
				52EBE0F4290A90D500D6D2F8 /* Frameworks */,
				52EBE0F5290A90D500D6D2F8 /* CopyFiles */,
			);
			buildRules = (
			);
			dependencies = (
			);
			name = 0;
			productName = 0;
			productReference = 52EBE0F7290A90D500D6D2F8 /* 0 */;
			productType = "com.apple.product-type.tool";
		};
/* End PBXNativeTarget section */

/* Begin PBXProject section */
		52EBE0C0290A8D5500D6D2F8 /* Project object */ = {
			isa = PBXProject;
			attributes = {
				BuildIndependentTargetsInParallel = 1;
				LastUpgradeCheck = 1400;
				TargetAttributes = {
					52EBE0C7290A8D5500D6D2F8 = {
						CreatedOnToolsVersion = 14.0.1;
					};
					52EBE0D5290A902900D6D2F8 = {
						CreatedOnToolsVersion = 14.0.1;
					};
					52EBE0E0290A90C000D6D2F8 = {
						CreatedOnToolsVersion = 14.0.1;
					};
					52EBE0EB290A90C500D6D2F8 = {
						CreatedOnToolsVersion = 14.0.1;
					};
					52EBE0F6290A90D500D6D2F8 = {
						CreatedOnToolsVersion = 14.0.1;
					};
				};
			};
			buildConfigurationList = 52EBE0C3290A8D5500D6D2F8 /* Build configuration list for PBXProject "4" */;
			compatibilityVersion = "Xcode 14.0";
			developmentRegion = en;
			hasScannedForEncodings = 0;
			knownRegions = (
				en,
				Base,
			);
			mainGroup = 52EBE0BF290A8D5500D6D2F8;
			productRefGroup = 52EBE0C9290A8D5500D6D2F8 /* Products */;
			projectDirPath = "";
			projectRoot = "";
			targets = (
				52EBE0C7290A8D5500D6D2F8 /* 4 */,
				52EBE0D5290A902900D6D2F8 /* 1 */,
				52EBE0E0290A90C000D6D2F8 /* 2 */,
				52EBE0EB290A90C500D6D2F8 /* 3 */,
				52EBE0F6290A90D500D6D2F8 /* 0 */,
			);
		};
/* End PBXProject section */

/* Begin PBXSourcesBuildPhase section */
		52EBE0C4290A8D5500D6D2F8 /* Sources */ = {
			isa = PBXSourcesBuildPhase;
			buildActionMask = 2147483647;
			files = (
				52EBE107290A912700D6D2F8 /* 4.c in Sources */,
			);
			runOnlyForDeploymentPostprocessing = 0;
		};
		52EBE0D2290A902900D6D2F8 /* Sources */ = {
			isa = PBXSourcesBuildPhase;
			buildActionMask = 2147483647;
			files = (
				52EBE100290A90F100D6D2F8 /* 1.c in Sources */,
			);
			runOnlyForDeploymentPostprocessing = 0;
		};
		52EBE0DD290A90C000D6D2F8 /* Sources */ = {
			isa = PBXSourcesBuildPhase;
			buildActionMask = 2147483647;
			files = (
				52EBE102290A910400D6D2F8 /* 2.c in Sources */,
			);
			runOnlyForDeploymentPostprocessing = 0;
		};
		52EBE0E8290A90C500D6D2F8 /* Sources */ = {
			isa = PBXSourcesBuildPhase;
			buildActionMask = 2147483647;
			files = (
				52EBE105290A911700D6D2F8 /* 3.c in Sources */,
			);
			runOnlyForDeploymentPostprocessing = 0;
		};
		52EBE0F3290A90D500D6D2F8 /* Sources */ = {
			isa = PBXSourcesBuildPhase;
			buildActionMask = 2147483647;
			files = (
				52EBE0FE290A90DB00D6D2F8 /* main.c in Sources */,
			);
			runOnlyForDeploymentPostprocessing = 0;
		};
/* End PBXSourcesBuildPhase section */

/* Begin XCBuildConfiguration section */
		52EBE0CD290A8D5500D6D2F8 /* Debug */ = {
			isa = XCBuildConfiguration;
			buildSettings = {
				ALWAYS_SEARCH_USER_PATHS = NO;
				CLANG_ANALYZER_NONNULL = YES;
				CLANG_ANALYZER_NUMBER_OBJECT_CONVERSION = YES_AGGRESSIVE;
				CLANG_CXX_LANGUAGE_STANDARD = "gnu++20";
				CLANG_ENABLE_MODULES = YES;
				CLANG_ENABLE_OBJC_ARC = YES;
				CLANG_ENABLE_OBJC_WEAK = YES;
				CLANG_WARN_BLOCK_CAPTURE_AUTORELEASING = YES;
				CLANG_WARN_BOOL_CONVERSION = YES;
				CLANG_WARN_COMMA = YES;
				CLANG_WARN_CONSTANT_CONVERSION = YES;
				CLANG_WARN_DEPRECATED_OBJC_IMPLEMENTATIONS = YES;
				CLANG_WARN_DIRECT_OBJC_ISA_USAGE = YES_ERROR;
				CLANG_WARN_DOCUMENTATION_COMMENTS = YES;
				CLANG_WARN_EMPTY_BODY = YES;
				CLANG_WARN_ENUM_CONVERSION = YES;
				CLANG_WARN_INFINITE_RECURSION = YES;
				CLANG_WARN_INT_CONVERSION = YES;
				CLANG_WARN_NON_LITERAL_NULL_CONVERSION = YES;
				CLANG_WARN_OBJC_IMPLICIT_RETAIN_SELF = YES;
				CLANG_WARN_OBJC_LITERAL_CONVERSION = YES;
				CLANG_WARN_OBJC_ROOT_CLASS = YES_ERROR;
				CLANG_WARN_QUOTED_INCLUDE_IN_FRAMEWORK_HEADER = YES;
				CLANG_WARN_RANGE_LOOP_ANALYSIS = YES;
				CLANG_WARN_STRICT_PROTOTYPES = YES;
				CLANG_WARN_SUSPICIOUS_MOVE = YES;
				CLANG_WARN_UNGUARDED_AVAILABILITY = YES_AGGRESSIVE;
				CLANG_WARN_UNREACHABLE_CODE = YES;
				CLANG_WARN__DUPLICATE_METHOD_MATCH = YES;
				COPY_PHASE_STRIP = NO;
				DEBUG_INFORMATION_FORMAT = dwarf;
				ENABLE_STRICT_OBJC_MSGSEND = YES;
				ENABLE_TESTABILITY = YES;
				GCC_C_LANGUAGE_STANDARD = gnu11;
				GCC_DYNAMIC_NO_PIC = NO;
				GCC_NO_COMMON_BLOCKS = YES;
				GCC_OPTIMIZATION_LEVEL = 0;
				GCC_PREPROCESSOR_DEFINITIONS = (
					"DEBUG=1",
					"$(inherited)",
				);
				GCC_WARN_64_TO_32_BIT_CONVERSION = YES;
				GCC_WARN_ABOUT_RETURN_TYPE = YES_ERROR;
				GCC_WARN_UNDECLARED_SELECTOR = YES;
				GCC_WARN_UNINITIALIZED_AUTOS = YES_AGGRESSIVE;
				GCC_WARN_UNUSED_FUNCTION = YES;
				GCC_WARN_UNUSED_VARIABLE = YES;
				MACOSX_DEPLOYMENT_TARGET = 12.3;
				MTL_ENABLE_DEBUG_INFO = INCLUDE_SOURCE;
				MTL_FAST_MATH = YES;
				ONLY_ACTIVE_ARCH = YES;
				SDKROOT = macosx;
			};
			name = Debug;
		};
		52EBE0CE290A8D5500D6D2F8 /* Release */ = {
			isa = XCBuildConfiguration;
			buildSettings = {
				ALWAYS_SEARCH_USER_PATHS = NO;
				CLANG_ANALYZER_NONNULL = YES;
				CLANG_ANALYZER_NUMBER_OBJECT_CONVERSION = YES_AGGRESSIVE;
				CLANG_CXX_LANGUAGE_STANDARD = "gnu++20";
				CLANG_ENABLE_MODULES = YES;
				CLANG_ENABLE_OBJC_ARC = YES;
				CLANG_ENABLE_OBJC_WEAK = YES;
				CLANG_WARN_BLOCK_CAPTURE_AUTORELEASING = YES;
				CLANG_WARN_BOOL_CONVERSION = YES;
				CLANG_WARN_COMMA = YES;
				CLANG_WARN_CONSTANT_CONVERSION = YES;
				CLANG_WARN_DEPRECATED_OBJC_IMPLEMENTATIONS = YES;
				CLANG_WARN_DIRECT_OBJC_ISA_USAGE = YES_ERROR;
				CLANG_WARN_DOCUMENTATION_COMMENTS = YES;
				CLANG_WARN_EMPTY_BODY = YES;
				CLANG_WARN_ENUM_CONVERSION = YES;
				CLANG_WARN_INFINITE_RECURSION = YES;
				CLANG_WARN_INT_CONVERSION = YES;
				CLANG_WARN_NON_LITERAL_NULL_CONVERSION = YES;
				CLANG_WARN_OBJC_IMPLICIT_RETAIN_SELF = YES;
				CLANG_WARN_OBJC_LITERAL_CONVERSION = YES;
				CLANG_WARN_OBJC_ROOT_CLASS = YES_ERROR;
				CLANG_WARN_QUOTED_INCLUDE_IN_FRAMEWORK_HEADER = YES;
				CLANG_WARN_RANGE_LOOP_ANALYSIS = YES;
				CLANG_WARN_STRICT_PROTOTYPES = YES;
				CLANG_WARN_SUSPICIOUS_MOVE = YES;
				CLANG_WARN_UNGUARDED_AVAILABILITY = YES_AGGRESSIVE;
				CLANG_WARN_UNREACHABLE_CODE = YES;
				CLANG_WARN__DUPLICATE_METHOD_MATCH = YES;
				COPY_PHASE_STRIP = NO;
				DEBUG_INFORMATION_FORMAT = "dwarf-with-dsym";
				ENABLE_NS_ASSERTIONS = NO;
				ENABLE_STRICT_OBJC_MSGSEND = YES;
				GCC_C_LANGUAGE_STANDARD = gnu11;
				GCC_NO_COMMON_BLOCKS = YES;
				GCC_WARN_64_TO_32_BIT_CONVERSION = YES;
				GCC_WARN_ABOUT_RETURN_TYPE = YES_ERROR;
				GCC_WARN_UNDECLARED_SELECTOR = YES;
				GCC_WARN_UNINITIALIZED_AUTOS = YES_AGGRESSIVE;
				GCC_WARN_UNUSED_FUNCTION = YES;
				GCC_WARN_UNUSED_VARIABLE = YES;
				MACOSX_DEPLOYMENT_TARGET = 12.3;
				MTL_ENABLE_DEBUG_INFO = NO;
				MTL_FAST_MATH = YES;
				SDKROOT = macosx;
			};
			name = Release;
		};
		52EBE0D0290A8D5500D6D2F8 /* Debug */ = {
			isa = XCBuildConfiguration;
			buildSettings = {
				CODE_SIGN_STYLE = Automatic;
				PRODUCT_NAME = "$(TARGET_NAME)";
			};
			name = Debug;
		};
		52EBE0D1290A8D5500D6D2F8 /* Release */ = {
			isa = XCBuildConfiguration;
			buildSettings = {
				CODE_SIGN_STYLE = Automatic;
				PRODUCT_NAME = "$(TARGET_NAME)";
			};
			name = Release;
		};
		52EBE0DB290A902900D6D2F8 /* Debug */ = {
			isa = XCBuildConfiguration;
			buildSettings = {
				CODE_SIGN_STYLE = Automatic;
				PRODUCT_NAME = "$(TARGET_NAME)";
			};
			name = Debug;
		};
		52EBE0DC290A902900D6D2F8 /* Release */ = {
			isa = XCBuildConfiguration;
			buildSettings = {
				CODE_SIGN_STYLE = Automatic;
				PRODUCT_NAME = "$(TARGET_NAME)";
			};
			name = Release;
		};
		52EBE0E6290A90C000D6D2F8 /* Debug */ = {
			isa = XCBuildConfiguration;
			buildSettings = {
				CODE_SIGN_STYLE = Automatic;
				PRODUCT_NAME = "$(TARGET_NAME)";
			};
			name = Debug;
		};
		52EBE0E7290A90C000D6D2F8 /* Release */ = {
			isa = XCBuildConfiguration;
			buildSettings = {
				CODE_SIGN_STYLE = Automatic;
				PRODUCT_NAME = "$(TARGET_NAME)";
			};
			name = Release;
		};
		52EBE0F1290A90C600D6D2F8 /* Debug */ = {
			isa = XCBuildConfiguration;
			buildSettings = {
				CODE_SIGN_STYLE = Automatic;
				PRODUCT_NAME = "$(TARGET_NAME)";
			};
			name = Debug;
		};
		52EBE0F2290A90C600D6D2F8 /* Release */ = {
			isa = XCBuildConfiguration;
			buildSettings = {
				CODE_SIGN_STYLE = Automatic;
				PRODUCT_NAME = "$(TARGET_NAME)";
			};
			name = Release;
		};
		52EBE0FC290A90D500D6D2F8 /* Debug */ = {
			isa = XCBuildConfiguration;
			buildSettings = {
				CODE_SIGN_STYLE = Automatic;
				PRODUCT_NAME = "$(TARGET_NAME)";
			};
			name = Debug;
		};
		52EBE0FD290A90D500D6D2F8 /* Release */ = {
			isa = XCBuildConfiguration;
			buildSettings = {
				CODE_SIGN_STYLE = Automatic;
				PRODUCT_NAME = "$(TARGET_NAME)";
			};
			name = Release;
		};
/* End XCBuildConfiguration section */

/* Begin XCConfigurationList section */
		52EBE0C3290A8D5500D6D2F8 /* Build configuration list for PBXProject "4" */ = {
			isa = XCConfigurationList;
			buildConfigurations = (
				52EBE0CD290A8D5500D6D2F8 /* Debug */,
				52EBE0CE290A8D5500D6D2F8 /* Release */,
			);
			defaultConfigurationIsVisible = 0;
			defaultConfigurationName = Release;
		};
		52EBE0CF290A8D5500D6D2F8 /* Build configuration list for PBXNativeTarget "4" */ = {
			isa = XCConfigurationList;
			buildConfigurations = (
				52EBE0D0290A8D5500D6D2F8 /* Debug */,
				52EBE0D1290A8D5500D6D2F8 /* Release */,
			);
			defaultConfigurationIsVisible = 0;
			defaultConfigurationName = Release;
		};
		52EBE0DA290A902900D6D2F8 /* Build configuration list for PBXNativeTarget "1" */ = {
			isa = XCConfigurationList;
			buildConfigurations = (
				52EBE0DB290A902900D6D2F8 /* Debug */,
				52EBE0DC290A902900D6D2F8 /* Release */,
			);
			defaultConfigurationIsVisible = 0;
			defaultConfigurationName = Release;
		};
		52EBE0E5290A90C000D6D2F8 /* Build configuration list for PBXNativeTarget "2" */ = {
			isa = XCConfigurationList;
			buildConfigurations = (
				52EBE0E6290A90C000D6D2F8 /* Debug */,
				52EBE0E7290A90C000D6D2F8 /* Release */,
			);
			defaultConfigurationIsVisible = 0;
			defaultConfigurationName = Release;
		};
		52EBE0F0290A90C600D6D2F8 /* Build configuration list for PBXNativeTarget "3" */ = {
			isa = XCConfigurationList;
			buildConfigurations = (
				52EBE0F1290A90C600D6D2F8 /* Debug */,
				52EBE0F2290A90C600D6D2F8 /* Release */,
			);
			defaultConfigurationIsVisible = 0;
			defaultConfigurationName = Release;
		};
		52EBE0FB290A90D500D6D2F8 /* Build configuration list for PBXNativeTarget "0" */ = {
			isa = XCConfigurationList;
			buildConfigurations = (
				52EBE0FC290A90D500D6D2F8 /* Debug */,
				52EBE0FD290A90D500D6D2F8 /* Release */,
			);
			defaultConfigurationIsVisible = 0;
			defaultConfigurationName = Release;
		};
/* End XCConfigurationList section */
	};
	rootObject = 52EBE0C0290A8D5500D6D2F8 /* Project object */;
}
